
Microsoft Visual Studio Solution File, Format Version 12.00
# Visual Studio Version 17
VisualStudioVersion = 17.7.34202.233
MinimumVisualStudioVersion = 10.0.40219.1
Project("{FAE04EC0-301F-11D3-BF4B-00C04F79EFBC}") = "POS.Server", "3S-POS\Server\POS.Server.csproj", "{ECEBA960-D0B5-4F7D-A0C1-16881F33C842}"
EndProject
Project("{FAE04EC0-301F-11D3-BF4B-00C04F79EFBC}") = "POS.Client", "3S-POS\Client\POS.Client.csproj", "{49ACC7C5-35D5-476B-B48D-2114BC8FFF6E}"
EndProject
Project("{FAE04EC0-301F-11D3-BF4B-00C04F79EFBC}") = "POS.Shared", "3S-POS\Shared\POS.Shared.csproj", "{B1453E23-1B45-404A-9805-D44E282E52CC}"
EndProject
Global
	GlobalSection(SolutionConfigurationPlatforms) = preSolution
		Debug|Any CPU = Debug|Any CPU
		Release|Any CPU = Release|Any CPU
	EndGlobalSection
	GlobalSection(ProjectConfigurationPlatforms) = postSolution
		{ECEBA960-D0B5-4F7D-A0C1-16881F33C842}.Debug|Any CPU.ActiveCfg = Debug|Any CPU
		{ECEBA960-D0B5-4F7D-A0C1-16881F33C842}.Debug|Any CPU.Build.0 = Debug|Any CPU
		{ECEBA960-D0B5-4F7D-A0C1-16881F33C842}.Release|Any CPU.ActiveCfg = Release|Any CPU
		{ECEBA960-D0B5-4F7D-A0C1-16881F33C842}.Release|Any CPU.Build.0 = Release|Any CPU
		{49ACC7C5-35D5-476B-B48D-2114BC8FFF6E}.Debug|Any CPU.ActiveCfg = Debug|Any CPU
		{49ACC7C5-35D5-476B-B48D-2114BC8FFF6E}.Debug|Any CPU.Build.0 = Debug|Any CPU
		{49ACC7C5-35D5-476B-B48D-2114BC8FFF6E}.Release|Any CPU.ActiveCfg = Release|Any CPU
		{49ACC7C5-35D5-476B-B48D-2114BC8FFF6E}.Release|Any CPU.Build.0 = Release|Any CPU
		{B1453E23-1B45-404A-9805-D44E282E52CC}.Debug|Any CPU.ActiveCfg = Debug|Any CPU
		{B1453E23-1B45-404A-9805-D44E282E52CC}.Debug|Any CPU.Build.0 = Debug|Any CPU
		{B1453E23-1B45-404A-9805-D44E282E52CC}.Release|Any CPU.ActiveCfg = Release|Any CPU
		{B1453E23-1B45-404A-9805-D44E282E52CC}.Release|Any CPU.Build.0 = Release|Any CPU
	EndGlobalSection
	GlobalSection(SolutionProperties) = preSolution
		HideSolutionNode = FALSE
	EndGlobalSection
	GlobalSection(ExtensibilityGlobals) = postSolution
		SolutionGuid = {8BC0CEB0-D50D-4C62-8C5F-40AC38E56242}
	EndGlobalSection
EndGlobal
